
Microsoft Visual Studio Solution File, Format Version 12.00
# Visual Studio Version 17
VisualStudioVersion = 17.12.35707.178
MinimumVisualStudioVersion = 10.0.40219.1
Project("{FAE04EC0-301F-11D3-BF4B-00C04F79EFBC}") = "ExampleWebAPI", "ExampleWebAPI\ExampleWebAPI.csproj", "{9885F9F3-1F0A-48D6-932F-92C28C8C3E6B}"
EndProject
Project("{E53339B2-1760-4266-BCC7-CA923CBCF16C}") = "docker-compose", "docker-compose.dcproj", "{E757A45F-64AB-4A85-83AF-6601CD884E9C}"
EndProject
Project("{FAE04EC0-301F-11D3-BF4B-00C04F79EFBC}") = "ExampleAspire.AppHost", "ExampleAspire.AppHost\ExampleAspire.AppHost.csproj", "{6A8BB7B1-534F-43D4-8668-C2356406F89A}"
EndProject
Project("{FAE04EC0-301F-11D3-BF4B-00C04F79EFBC}") = "ExampleAspire.ServiceDefaults", "ExampleAspire.ServiceDefaults\ExampleAspire.ServiceDefaults.csproj", "{A761AD94-DF9D-4724-B0D4-6EEAADB74968}"
EndProject
Global
	GlobalSection(SolutionConfigurationPlatforms) = preSolution
		Debug|Any CPU = Debug|Any CPU
		Release|Any CPU = Release|Any CPU
	EndGlobalSection
	GlobalSection(ProjectConfigurationPlatforms) = postSolution
		{9885F9F3-1F0A-48D6-932F-92C28C8C3E6B}.Debug|Any CPU.ActiveCfg = Debug|Any CPU
		{9885F9F3-1F0A-48D6-932F-92C28C8C3E6B}.Debug|Any CPU.Build.0 = Debug|Any CPU
		{9885F9F3-1F0A-48D6-932F-92C28C8C3E6B}.Release|Any CPU.ActiveCfg = Release|Any CPU
		{9885F9F3-1F0A-48D6-932F-92C28C8C3E6B}.Release|Any CPU.Build.0 = Release|Any CPU
		{E757A45F-64AB-4A85-83AF-6601CD884E9C}.Debug|Any CPU.ActiveCfg = Debug|Any CPU
		{E757A45F-64AB-4A85-83AF-6601CD884E9C}.Debug|Any CPU.Build.0 = Debug|Any CPU
		{E757A45F-64AB-4A85-83AF-6601CD884E9C}.Release|Any CPU.ActiveCfg = Release|Any CPU
		{E757A45F-64AB-4A85-83AF-6601CD884E9C}.Release|Any CPU.Build.0 = Release|Any CPU
		{6A8BB7B1-534F-43D4-8668-C2356406F89A}.Debug|Any CPU.ActiveCfg = Debug|Any CPU
		{6A8BB7B1-534F-43D4-8668-C2356406F89A}.Debug|Any CPU.Build.0 = Debug|Any CPU
		{6A8BB7B1-534F-43D4-8668-C2356406F89A}.Release|Any CPU.ActiveCfg = Release|Any CPU
		{6A8BB7B1-534F-43D4-8668-C2356406F89A}.Release|Any CPU.Build.0 = Release|Any CPU
		{A761AD94-DF9D-4724-B0D4-6EEAADB74968}.Debug|Any CPU.ActiveCfg = Debug|Any CPU
		{A761AD94-DF9D-4724-B0D4-6EEAADB74968}.Debug|Any CPU.Build.0 = Debug|Any CPU
		{A761AD94-DF9D-4724-B0D4-6EEAADB74968}.Release|Any CPU.ActiveCfg = Release|Any CPU
		{A761AD94-DF9D-4724-B0D4-6EEAADB74968}.Release|Any CPU.Build.0 = Release|Any CPU
	EndGlobalSection
	GlobalSection(SolutionProperties) = preSolution
		HideSolutionNode = FALSE
	EndGlobalSection
EndGlobal
